
Microsoft Visual Studio Solution File, Format Version 12.00
# Visual Studio Version 16
VisualStudioVersion = 16.0.810.25
MinimumVisualStudioVersion = 10.0.40219.1
Project("{FAE04EC0-301F-11D3-BF4B-00C04F79EFBC}") = "CarFactory", "CarFactory.csproj", "{C30EC768-F8F5-4B66-843D-B2A66AECA023}"
EndProject
Global
	GlobalSection(SolutionConfigurationPlatforms) = preSolution
		Debug|anycpu = Debug|anycpu
		Release|anycpu = Release|anycpu
	EndGlobalSection
	GlobalSection(ProjectConfigurationPlatforms) = postSolution
		{C30EC768-F8F5-4B66-843D-B2A66AECA023}.Debug|anycpu.ActiveCfg = Debug|anycpu
		{C30EC768-F8F5-4B66-843D-B2A66AECA023}.Debug|anycpu.Build.0 = Debug|anycpu
		{C30EC768-F8F5-4B66-843D-B2A66AECA023}.Release|anycpu.ActiveCfg = Release|anycpu
		{C30EC768-F8F5-4B66-843D-B2A66AECA023}.Release|anycpu.Build.0 = Release|anycpu
	EndGlobalSection
	GlobalSection(SolutionProperties) = preSolution
		HideSolutionNode = FALSE
	EndGlobalSection
	GlobalSection(ExtensibilityGlobals) = postSolution
		SolutionGuid = {BBB37FB7-4B3E-45F1-996E-673FE6C2289F}
	EndGlobalSection
EndGlobal
